
Microsoft Visual Studio Solution File, Format Version 12.00
# Visual Studio 14
VisualStudioVersion = 14.0.24720.0
MinimumVisualStudioVersion = 10.0.40219.1
Project("{FAE04EC0-301F-11D3-BF4B-00C04F79EFBC}") = "FirstWinform", "FirstWinform\FirstWinform.csproj", "{4C26EDA2-2D34-4362-AF4E-BE1A9B9A41BE}"
EndProject
Project("{8BB2217D-0F2D-49D1-97BC-3654ED321F3B}") = "WinformLib", "WinformLib\WinformLib.xproj", "{FB1BF5AB-08A6-4CC8-815A-006E910A085D}"
EndProject
Project("{FAE04EC0-301F-11D3-BF4B-00C04F79EFBC}") = "WinformCommon", "WinformCommon\WinformCommon.csproj", "{C40333AB-0E67-4217-836E-9D8EB8FA2410}"
EndProject
Global
	GlobalSection(SolutionConfigurationPlatforms) = preSolution
		Debug|Any CPU = Debug|Any CPU
		Release|Any CPU = Release|Any CPU
	EndGlobalSection
	GlobalSection(ProjectConfigurationPlatforms) = postSolution
		{4C26EDA2-2D34-4362-AF4E-BE1A9B9A41BE}.Debug|Any CPU.ActiveCfg = Debug|Any CPU
		{4C26EDA2-2D34-4362-AF4E-BE1A9B9A41BE}.Debug|Any CPU.Build.0 = Debug|Any CPU
		{4C26EDA2-2D34-4362-AF4E-BE1A9B9A41BE}.Release|Any CPU.ActiveCfg = Release|Any CPU
		{4C26EDA2-2D34-4362-AF4E-BE1A9B9A41BE}.Release|Any CPU.Build.0 = Release|Any CPU
		{FB1BF5AB-08A6-4CC8-815A-006E910A085D}.Debug|Any CPU.ActiveCfg = Debug|Any CPU
		{FB1BF5AB-08A6-4CC8-815A-006E910A085D}.Debug|Any CPU.Build.0 = Debug|Any CPU
		{FB1BF5AB-08A6-4CC8-815A-006E910A085D}.Release|Any CPU.ActiveCfg = Release|Any CPU
		{FB1BF5AB-08A6-4CC8-815A-006E910A085D}.Release|Any CPU.Build.0 = Release|Any CPU
		{C40333AB-0E67-4217-836E-9D8EB8FA2410}.Debug|Any CPU.ActiveCfg = Debug|Any CPU
		{C40333AB-0E67-4217-836E-9D8EB8FA2410}.Debug|Any CPU.Build.0 = Debug|Any CPU
		{C40333AB-0E67-4217-836E-9D8EB8FA2410}.Release|Any CPU.ActiveCfg = Release|Any CPU
		{C40333AB-0E67-4217-836E-9D8EB8FA2410}.Release|Any CPU.Build.0 = Release|Any CPU
	EndGlobalSection
	GlobalSection(SolutionProperties) = preSolution
		HideSolutionNode = FALSE
	EndGlobalSection
EndGlobal
